{
  "name": "jekyll-theme-primer",
  "version": "0.1.0",
  "lockfileVersion": 1,
  "requires": true,
  "dependencies": {
    "object-assign": {
      "version": "4.1.1",
      "resolved": "https://registry.npmjs.org/object-assign/-/object-assign-4.1.1.tgz",
      "integrity": "sha1-IQmtx5ZYh8/AXLvUQsrIv7s2CGM="
    },
    "octicons": {
      "version": "8.0.0",
      "resolved": "https://registry.npmjs.org/octicons/-/octicons-8.0.0.tgz",
      "integrity": "sha512-ihUXutjRepJAAhQ9jm2VhqJ1OqiFTn6URQ6jEdz+tKcjysPoEoiiYxJG9E+yVzwEeDcfhMWBx2yPfttkl1ZsYg==",
      "requires": {
        "object-assign": "^4.1.1"
      }
    },
    "primer": {
      "version": "10.8.1",
      "resolved": "https://registry.npmjs.org/primer/-/primer-10.8.1.tgz",
      "integrity": "sha1-g0a58EymGIIXlZeONtm5lF1WzRM=",
      "requires": {
        "primer-alerts": "1.5.9",
        "primer-avatars": "1.5.6",
        "primer-base": "1.7.4",
        "primer-blankslate": "1.4.9",
        "primer-box": "2.5.9",
        "primer-branch-name": "1.0.7",
        "primer-breadcrumb": "1.5.5",
        "primer-buttons": "2.6.0",
        "primer-core": "6.10.3",
        "primer-forms": "2.1.4",
        "primer-labels": "1.5.9",
        "primer-layout": "1.4.9",
        "primer-markdown": "3.7.9",
        "primer-marketing": "6.2.5",
        "primer-marketing-buttons": "1.0.9",
        "primer-marketing-support": "1.5.3",
        "primer-marketing-type": "1.4.9",
        "primer-marketing-utilities": "1.6.5",
        "primer-navigation": "1.5.7",
        "primer-page-headers": "1.4.9",
        "primer-page-sections": "1.4.9",
        "primer-pagination": "1.0.3",
        "primer-popover": "0.1.4",
        "primer-product": "5.6.7",
        "primer-subhead": "1.0.7",
        "primer-support": "4.6.0",
        "primer-table-object": "1.4.9",
        "primer-tables": "1.4.9",
        "primer-tooltips": "1.5.7",
        "primer-truncate": "1.4.9",
        "primer-utilities": "4.12.0"
      },
      "dependencies": {
        "primer-base": {
          "version": "1.7.4",
          "resolved": "https://registry.npmjs.org/primer-base/-/primer-base-1.7.4.tgz",
          "integrity": "sha1-SAPOtnCuzsMr6lZnIyOga/zoz4s=",
          "requires": {
            "primer-support": "4.6.0"
          }
        },
        "primer-layout": {
          "version": "1.4.9",
          "resolved": "https://registry.npmjs.org/primer-layout/-/primer-layout-1.4.9.tgz",
          "integrity": "sha1-IfCmTBI8ZzH0T6EMI2pTJz5f09Y=",
          "requires": {
            "primer-support": "4.6.0"
          }
        },
        "primer-markdown": {
          "version": "3.7.9",
          "resolved": "https://registry.npmjs.org/primer-markdown/-/primer-markdown-3.7.9.tgz",
          "integrity": "sha1-1FmlTlCeXuUZVRV6MTcbKaEIDmM=",
          "requires": {
            "primer-support": "4.6.0"
          }
        },
        "primer-support": {
          "version": "4.6.0",
          "resolved": "https://registry.npmjs.org/primer-support/-/primer-support-4.6.0.tgz",
          "integrity": "sha1-Qq0w6+ox9/q7UpEnsyhk1sv8Kzw="
        },
        "primer-utilities": {
          "version": "4.12.0",
          "resolved": "https://registry.npmjs.org/primer-utilities/-/primer-utilities-4.12.0.tgz",
          "integrity": "sha1-eu5Y11ouIzJvas/kG1W7ySjSJE4=",
          "requires": {
            "primer-support": "4.6.0"
          }
        }
      }
    },
    "primer-alerts": {
      "version": "1.5.9",
      "resolved": "https://registry.npmjs.org/primer-alerts/-/primer-alerts-1.5.9.tgz",
      "integrity": "sha1-w6vFQV2ldkWhMlSy+WRC2uagMis=",
      "requires": {
        "primer-support": "4.6.0"
      },
      "dependencies": {
        "primer-support": {
          "version": "4.6.0",
          "resolved": "https://registry.npmjs.org/primer-support/-/primer-support-4.6.0.tgz",
          "integrity": "sha1-Qq0w6+ox9/q7UpEnsyhk1sv8Kzw="
        }
      }
    },
    "primer-avatars": {
      "version": "1.5.6",
      "resolved": "https://registry.npmjs.org/primer-avatars/-/primer-avatars-1.5.6.tgz",
      "integrity": "sha1-rUpQB8/0soyAQ6KM32LRLOMomRI=",
      "requires": {
        "primer-support": "4.6.0"
      },
      "dependencies": {
        "primer-support": {
          "version": "4.6.0",
          "resolved": "https://registry.npmjs.org/primer-support/-/primer-support-4.6.0.tgz",
          "integrity": "sha1-Qq0w6+ox9/q7UpEnsyhk1sv8Kzw="
        }
      }
    },
    "primer-base": {
      "version": "1.7.0",
      "resolved": "https://registry.npmjs.org/primer-base/-/primer-base-1.7.0.tgz",
      "integrity": "sha1-38I7P0hUN+NvjbyPAqZNz4Kt7W0=",
      "requires": {
        "primer-support": "4.5.2"
      }
    },
    "primer-blankslate": {
      "version": "1.4.9",
      "resolved": "https://registry.npmjs.org/primer-blankslate/-/primer-blankslate-1.4.9.tgz",
      "integrity": "sha1-hCJSXOIMupobGkImEuoPqKLuA18=",
      "requires": {
        "primer-support": "4.6.0"
      },
      "dependencies": {
        "primer-support": {
          "version": "4.6.0",
          "resolved": "https://registry.npmjs.org/primer-support/-/primer-support-4.6.0.tgz",
          "integrity": "sha1-Qq0w6+ox9/q7UpEnsyhk1sv8Kzw="
        }
      }
    },
    "primer-box": {
      "version": "2.5.9",
      "resolved": "https://registry.npmjs.org/primer-box/-/primer-box-2.5.9.tgz",
      "integrity": "sha1-sRI2W1dWalOxtKCN4zIAdmXBBxM=",
      "requires": {
        "primer-support": "4.6.0"
      },
      "dependencies": {
        "primer-support": {
          "version": "4.6.0",
          "resolved": "https://registry.npmjs.org/primer-support/-/primer-support-4.6.0.tgz",
          "integrity": "sha1-Qq0w6+ox9/q7UpEnsyhk1sv8Kzw="
        }
      }
    },
    "primer-branch-name": {
      "version": "1.0.7",
      "resolved": "https://registry.npmjs.org/primer-branch-name/-/primer-branch-name-1.0.7.tgz",
      "integrity": "sha1-X59bB8sXC+qL4oJC0HO4GZ19meo=",
      "requires": {
        "primer-support": "4.6.0"
      },
      "dependencies": {
        "primer-support": {
          "version": "4.6.0",
          "resolved": "https://registry.npmjs.org/primer-support/-/primer-support-4.6.0.tgz",
          "integrity": "sha1-Qq0w6+ox9/q7UpEnsyhk1sv8Kzw="
        }
      }
    },
    "primer-breadcrumb": {
      "version": "1.5.5",
      "resolved": "https://registry.npmjs.org/primer-breadcrumb/-/primer-breadcrumb-1.5.5.tgz",
      "integrity": "sha1-O3cGiqz9qg94wMpqYiraGi2fSUU=",
      "requires": {
        "primer-support": "4.6.0"
      },
      "dependencies": {
        "primer-support": {
          "version": "4.6.0",
          "resolved": "https://registry.npmjs.org/primer-support/-/primer-support-4.6.0.tgz",
          "integrity": "sha1-Qq0w6+ox9/q7UpEnsyhk1sv8Kzw="
        }
      }
    },
    "primer-buttons": {
      "version": "2.6.0",
      "resolved": "https://registry.npmjs.org/primer-buttons/-/primer-buttons-2.6.0.tgz",
      "integrity": "sha1-gCb4oWoUIB8ph6C0MLr172dR2Vw=",
      "requires": {
        "primer-support": "4.6.0"
      },
      "dependencies": {
        "primer-support": {
          "version": "4.6.0",
          "resolved": "https://registry.npmjs.org/primer-support/-/primer-support-4.6.0.tgz",
          "integrity": "sha1-Qq0w6+ox9/q7UpEnsyhk1sv8Kzw="
        }
      }
    },
    "primer-core": {
      "version": "6.10.3",
      "resolved": "https://registry.npmjs.org/primer-core/-/primer-core-6.10.3.tgz",
      "integrity": "sha1-ySoguR9Kz28qvyA1u1xA4SpH+h8=",
      "requires": {
        "primer-base": "1.7.4",
        "primer-box": "2.5.9",
        "primer-breadcrumb": "1.5.5",
        "primer-buttons": "2.6.0",
        "primer-forms": "2.1.4",
        "primer-layout": "1.4.9",
        "primer-navigation": "1.5.7",
        "primer-pagination": "1.0.3",
        "primer-support": "4.6.0",
        "primer-table-object": "1.4.9",
        "primer-tooltips": "1.5.7",
        "primer-truncate": "1.4.9",
        "primer-utilities": "4.12.0"
      },
      "dependencies": {
        "primer-base": {
          "version": "1.7.4",
          "resolved": "https://registry.npmjs.org/primer-base/-/primer-base-1.7.4.tgz",
          "integrity": "sha1-SAPOtnCuzsMr6lZnIyOga/zoz4s=",
          "requires": {
            "primer-support": "4.6.0"
          }
        },
        "primer-layout": {
          "version": "1.4.9",
          "resolved": "https://registry.npmjs.org/primer-layout/-/primer-layout-1.4.9.tgz",
          "integrity": "sha1-IfCmTBI8ZzH0T6EMI2pTJz5f09Y=",
          "requires": {
            "primer-support": "4.6.0"
          }
        },
        "primer-support": {
          "version": "4.6.0",
          "resolved": "https://registry.npmjs.org/primer-support/-/primer-support-4.6.0.tgz",
          "integrity": "sha1-Qq0w6+ox9/q7UpEnsyhk1sv8Kzw="
        },
        "primer-utilities": {
          "version": "4.12.0",
          "resolved": "https://registry.npmjs.org/primer-utilities/-/primer-utilities-4.12.0.tgz",
          "integrity": "sha1-eu5Y11ouIzJvas/kG1W7ySjSJE4=",
          "requires": {
            "primer-support": "4.6.0"
          }
        }
      }
    },
    "primer-forms": {
      "version": "2.1.4",
      "resolved": "https://registry.npmjs.org/primer-forms/-/primer-forms-2.1.4.tgz",
      "integrity": "sha1-VfsMJTGtMDxVZclAHuSf6bw87Qk=",
      "requires": {
        "primer-support": "4.6.0"
      },
      "dependencies": {
        "primer-support": {
          "version": "4.6.0",
          "resolved": "https://registry.npmjs.org/primer-support/-/primer-support-4.6.0.tgz",
          "integrity": "sha1-Qq0w6+ox9/q7UpEnsyhk1sv8Kzw="
        }
      }
    },
    "primer-labels": {
      "version": "1.5.9",
      "resolved": "https://registry.npmjs.org/primer-labels/-/primer-labels-1.5.9.tgz",
      "integrity": "sha1-R6HVaQmM4ALaxI0BdqtKrRoCQ+I=",
      "requires": {
        "primer-support": "4.6.0"
      },
      "dependencies": {
        "primer-support": {
          "version": "4.6.0",
          "resolved": "https://registry.npmjs.org/primer-support/-/primer-support-4.6.0.tgz",
          "integrity": "sha1-Qq0w6+ox9/q7UpEnsyhk1sv8Kzw="
        }
      }
    },
    "primer-layout": {
      "version": "1.4.5",
      "resolved": "https://registry.npmjs.org/primer-layout/-/primer-layout-1.4.5.tgz",
      "integrity": "sha1-b83KZw7wv1xCir6L6GSdg8UeeW8=",
      "requires": {
        "primer-support": "4.5.2"
      }
    },
    "primer-markdown": {
      "version": "3.7.5",
      "resolved": "https://registry.npmjs.org/primer-markdown/-/primer-markdown-3.7.5.tgz",
      "integrity": "sha1-u45RZGhGomtoqrTZ54WMLjbSmPg=",
      "requires": {
        "primer-support": "4.5.2"
      }
    },
    "primer-marketing": {
      "version": "6.2.5",
      "resolved": "https://registry.npmjs.org/primer-marketing/-/primer-marketing-6.2.5.tgz",
      "integrity": "sha1-j+/f5G8GtvtyjnSZ+jNfNfCZrB8=",
      "requires": {
        "primer-marketing-buttons": "1.0.9",
        "primer-marketing-support": "1.5.3",
        "primer-marketing-type": "1.4.9",
        "primer-marketing-utilities": "1.6.5",
        "primer-page-headers": "1.4.9",
        "primer-page-sections": "1.4.9",
        "primer-support": "4.6.0",
        "primer-tables": "1.4.9"
      },
      "dependencies": {
        "primer-support": {
          "version": "4.6.0",
          "resolved": "https://registry.npmjs.org/primer-support/-/primer-support-4.6.0.tgz",
          "integrity": "sha1-Qq0w6+ox9/q7UpEnsyhk1sv8Kzw="
        }
      }
    },
    "primer-marketing-buttons": {
      "version": "1.0.9",
      "resolved": "https://registry.npmjs.org/primer-marketing-buttons/-/primer-marketing-buttons-1.0.9.tgz",
      "integrity": "sha1-j4+swVe8EbFsRtastR+HoS651n4=",
      "requires": {
        "primer-support": "4.6.0"
      },
      "dependencies": {
        "primer-support": {
          "version": "4.6.0",
          "resolved": "https://registry.npmjs.org/primer-support/-/primer-support-4.6.0.tgz",
          "integrity": "sha1-Qq0w6+ox9/q7UpEnsyhk1sv8Kzw="
        }
      }
    },
    "primer-marketing-support": {
      "version": "1.5.3",
      "resolved": "https://registry.npmjs.org/primer-marketing-support/-/primer-marketing-support-1.5.3.tgz",
      "integrity": "sha1-685wxymb14DSQ+R8+iOFzPMYnU0="
    },
    "primer-marketing-type": {
      "version": "1.4.9",
      "resolved": "https://registry.npmjs.org/primer-marketing-type/-/primer-marketing-type-1.4.9.tgz",
      "integrity": "sha1-97OXpxVty6xyRCcmgdtyPz7eGNQ=",
      "requires": {
        "primer-marketing-support": "1.5.3",
        "primer-support": "4.6.0"
      },
      "dependencies": {
        "primer-support": {
          "version": "4.6.0",
          "resolved": "https://registry.npmjs.org/primer-support/-/primer-support-4.6.0.tgz",
          "integrity": "sha1-Qq0w6+ox9/q7UpEnsyhk1sv8Kzw="
        }
      }
    },
    "primer-marketing-utilities": {
      "version": "1.6.5",
      "resolved": "https://registry.npmjs.org/primer-marketing-utilities/-/primer-marketing-utilities-1.6.5.tgz",
      "integrity": "sha1-NFyBfW3jfWzatI57IGUpn7NaLB4=",
      "requires": {
        "primer-marketing-support": "1.5.3",
        "primer-support": "4.6.0"
      },
      "dependencies": {
        "primer-support": {
          "version": "4.6.0",
          "resolved": "https://registry.npmjs.org/primer-support/-/primer-support-4.6.0.tgz",
          "integrity": "sha1-Qq0w6+ox9/q7UpEnsyhk1sv8Kzw="
        }
      }
    },
    "primer-navigation": {
      "version": "1.5.7",
      "resolved": "https://registry.npmjs.org/primer-navigation/-/primer-navigation-1.5.7.tgz",
      "integrity": "sha1-HNaj0GND2FuwZI4LI05SNA6XS8s=",
      "requires": {
        "primer-support": "4.6.0"
      },
      "dependencies": {
        "primer-support": {
          "version": "4.6.0",
          "resolved": "https://registry.npmjs.org/primer-support/-/primer-support-4.6.0.tgz",
          "integrity": "sha1-Qq0w6+ox9/q7UpEnsyhk1sv8Kzw="
        }
      }
    },
    "primer-page-headers": {
      "version": "1.4.9",
      "resolved": "https://registry.npmjs.org/primer-page-headers/-/primer-page-headers-1.4.9.tgz",
      "integrity": "sha1-8r/1qYEHCznbGlpAZMnujOrptcI=",
      "requires": {
        "primer-marketing-support": "1.5.3",
        "primer-support": "4.6.0"
      },
      "dependencies": {
        "primer-support": {
          "version": "4.6.0",
          "resolved": "https://registry.npmjs.org/primer-support/-/primer-support-4.6.0.tgz",
          "integrity": "sha1-Qq0w6+ox9/q7UpEnsyhk1sv8Kzw="
        }
      }
    },
    "primer-page-sections": {
      "version": "1.4.9",
      "resolved": "https://registry.npmjs.org/primer-page-sections/-/primer-page-sections-1.4.9.tgz",
      "integrity": "sha1-ZjBW97mG/XMPdHuIPcuEBL9Jan0=",
      "requires": {
        "primer-marketing-support": "1.5.3",
        "primer-support": "4.6.0"
      },
      "dependencies": {
        "primer-support": {
          "version": "4.6.0",
          "resolved": "https://registry.npmjs.org/primer-support/-/primer-support-4.6.0.tgz",
          "integrity": "sha1-Qq0w6+ox9/q7UpEnsyhk1sv8Kzw="
        }
      }
    },
    "primer-pagination": {
      "version": "1.0.3",
      "resolved": "https://registry.npmjs.org/primer-pagination/-/primer-pagination-1.0.3.tgz",
      "integrity": "sha1-97g6SMUO3YgkTaU2gtyrn2aAkfs=",
      "requires": {
        "primer-support": "4.6.0"
      },
      "dependencies": {
        "primer-support": {
          "version": "4.6.0",
          "resolved": "https://registry.npmjs.org/primer-support/-/primer-support-4.6.0.tgz",
          "integrity": "sha1-Qq0w6+ox9/q7UpEnsyhk1sv8Kzw="
        }
      }
    },
    "primer-popover": {
      "version": "0.1.4",
      "resolved": "https://registry.npmjs.org/primer-popover/-/primer-popover-0.1.4.tgz",
      "integrity": "sha1-dNSBAl16Jau7zVTf1g4nJYZVLYA=",
      "requires": {
        "primer-support": "4.6.0"
      },
      "dependencies": {
        "primer-support": {
          "version": "4.6.0",
          "resolved": "https://registry.npmjs.org/primer-support/-/primer-support-4.6.0.tgz",
          "integrity": "sha1-Qq0w6+ox9/q7UpEnsyhk1sv8Kzw="
        }
      }
    },
    "primer-product": {
      "version": "5.6.7",
      "resolved": "https://registry.npmjs.org/primer-product/-/primer-product-5.6.7.tgz",
      "integrity": "sha1-K5EJaBukJP49BC6qecdi08s82Vo=",
      "requires": {
        "primer-alerts": "1.5.9",
        "primer-avatars": "1.5.6",
        "primer-blankslate": "1.4.9",
        "primer-branch-name": "1.0.7",
        "primer-labels": "1.5.9",
        "primer-markdown": "3.7.9",
        "primer-popover": "0.1.4",
        "primer-subhead": "1.0.7",
        "primer-support": "4.6.0"
      },
      "dependencies": {
        "primer-markdown": {
          "version": "3.7.9",
          "resolved": "https://registry.npmjs.org/primer-markdown/-/primer-markdown-3.7.9.tgz",
          "integrity": "sha1-1FmlTlCeXuUZVRV6MTcbKaEIDmM=",
          "requires": {
            "primer-support": "4.6.0"
          }
        },
        "primer-support": {
          "version": "4.6.0",
          "resolved": "https://registry.npmjs.org/primer-support/-/primer-support-4.6.0.tgz",
          "integrity": "sha1-Qq0w6+ox9/q7UpEnsyhk1sv8Kzw="
        }
      }
    },
    "primer-subhead": {
      "version": "1.0.7",
      "resolved": "https://registry.npmjs.org/primer-subhead/-/primer-subhead-1.0.7.tgz",
      "integrity": "sha1-Gwg27lGtouSvBLlDPaIQVf+sO0c=",
      "requires": {
        "primer-support": "4.6.0"
      },
      "dependencies": {
        "primer-support": {
          "version": "4.6.0",
          "resolved": "https://registry.npmjs.org/primer-support/-/primer-support-4.6.0.tgz",
          "integrity": "sha1-Qq0w6+ox9/q7UpEnsyhk1sv8Kzw="
        }
      }
    },
    "primer-support": {
      "version": "4.5.2",
      "resolved": "https://registry.npmjs.org/primer-support/-/primer-support-4.5.2.tgz",
      "integrity": "sha1-2quaSIgbaVPo5soBhlovQVv3d8U="
    },
    "primer-table-object": {
      "version": "1.4.9",
      "resolved": "https://registry.npmjs.org/primer-table-object/-/primer-table-object-1.4.9.tgz",
      "integrity": "sha1-9h9QgWrmhRgl/8trs6oVGvBF/WQ=",
      "requires": {
        "primer-support": "4.6.0"
      },
      "dependencies": {
        "primer-support": {
          "version": "4.6.0",
          "resolved": "https://registry.npmjs.org/primer-support/-/primer-support-4.6.0.tgz",
          "integrity": "sha1-Qq0w6+ox9/q7UpEnsyhk1sv8Kzw="
        }
      }
    },
    "primer-tables": {
      "version": "1.4.9",
      "resolved": "https://registry.npmjs.org/primer-tables/-/primer-tables-1.4.9.tgz",
      "integrity": "sha1-jJLdagIxSCd8O1/pGRs0noIsIJ0=",
      "requires": {
        "primer-marketing-support": "1.5.3",
        "primer-support": "4.6.0"
      },
      "dependencies": {
        "primer-support": {
          "version": "4.6.0",
          "resolved": "https://registry.npmjs.org/primer-support/-/primer-support-4.6.0.tgz",
          "integrity": "sha1-Qq0w6+ox9/q7UpEnsyhk1sv8Kzw="
        }
      }
    },
    "primer-tooltips": {
      "version": "1.5.7",
      "resolved": "https://registry.npmjs.org/primer-tooltips/-/primer-tooltips-1.5.7.tgz",
      "integrity": "sha1-Z+/WldYEKspYWj3MJ1WUxdjXE1s=",
      "requires": {
        "primer-support": "4.6.0"
      },
      "dependencies": {
        "primer-support": {
          "version": "4.6.0",
          "resolved": "https://registry.npmjs.org/primer-support/-/primer-support-4.6.0.tgz",
          "integrity": "sha1-Qq0w6+ox9/q7UpEnsyhk1sv8Kzw="
        }
      }
    },
    "primer-truncate": {
      "version": "1.4.9",
      "resolved": "https://registry.npmjs.org/primer-truncate/-/primer-truncate-1.4.9.tgz",
      "integrity": "sha1-XAPkC9aUQ7TrmTG7/pra+Qfu3+8=",
      "requires": {
        "primer-support": "4.6.0"
      },
      "dependencies": {
        "primer-support": {
          "version": "4.6.0",
          "resolved": "https://registry.npmjs.org/primer-support/-/primer-support-4.6.0.tgz",
          "integrity": "sha1-Qq0w6+ox9/q7UpEnsyhk1sv8Kzw="
        }
      }
    },
    "primer-utilities": {
      "version": "4.9.0",
      "resolved": "https://registry.npmjs.org/primer-utilities/-/primer-utilities-4.9.0.tgz",
      "integrity": "sha1-KI9tuY7vsC/pFHEejs4dk6y07yk=",
      "requires": {
        "primer-support": "4.5.2"
      }
    }
  }
}
